
Microsoft Visual Studio Solution File, Format Version 12.00
# Visual Studio Version 17
VisualStudioVersion = 17.8.34511.84
MinimumVisualStudioVersion = 10.0.40219.1
Project("{FAE04EC0-301F-11D3-BF4B-00C04F79EFBC}") = "EmlakciUygulama", "EmlakciUygulama.csproj", "{D97BB323-38A8-4139-AF8A-1EEF4723C02A}"
EndProject
Project("{FAE04EC0-301F-11D3-BF4B-00C04F79EFBC}") = "EmlakciUygLib", "..\EmlakciUygLib\EmlakciUygLib.csproj", "{5F88C43A-FDAB-447A-9A3B-9F38BDA53117}"
EndProject
Global
	GlobalSection(SolutionConfigurationPlatforms) = preSolution
		Debug|Any CPU = Debug|Any CPU
		Release|Any CPU = Release|Any CPU
	EndGlobalSection
	GlobalSection(ProjectConfigurationPlatforms) = postSolution
		{D97BB323-38A8-4139-AF8A-1EEF4723C02A}.Debug|Any CPU.ActiveCfg = Debug|Any CPU
		{D97BB323-38A8-4139-AF8A-1EEF4723C02A}.Debug|Any CPU.Build.0 = Debug|Any CPU
		{D97BB323-38A8-4139-AF8A-1EEF4723C02A}.Release|Any CPU.ActiveCfg = Release|Any CPU
		{D97BB323-38A8-4139-AF8A-1EEF4723C02A}.Release|Any CPU.Build.0 = Release|Any CPU
		{5F88C43A-FDAB-447A-9A3B-9F38BDA53117}.Debug|Any CPU.ActiveCfg = Debug|Any CPU
		{5F88C43A-FDAB-447A-9A3B-9F38BDA53117}.Debug|Any CPU.Build.0 = Debug|Any CPU
		{5F88C43A-FDAB-447A-9A3B-9F38BDA53117}.Release|Any CPU.ActiveCfg = Release|Any CPU
		{5F88C43A-FDAB-447A-9A3B-9F38BDA53117}.Release|Any CPU.Build.0 = Release|Any CPU
	EndGlobalSection
	GlobalSection(SolutionProperties) = preSolution
		HideSolutionNode = FALSE
	EndGlobalSection
	GlobalSection(ExtensibilityGlobals) = postSolution
		SolutionGuid = {BABF69E0-8AF7-4F10-ACF1-DAD97B04DF68}
	EndGlobalSection
EndGlobal
